
Microsoft Visual Studio Solution File, Format Version 12.00
# Visual Studio Version 17
VisualStudioVersion = 17.0.31903.59
MinimumVisualStudioVersion = 10.0.40219.1
Project("{2150E333-8FDC-42A3-9474-1A3956D46DE8}") = "src", "src", "{A5E6B626-93E4-4BB2-8D40-894C6414A9B0}"
EndProject
Project("{F2A71F9B-5D33-465A-A702-920D77279786}") = "App", "src\App\App.fsproj", "{E0F00673-7296-4FC6-A18A-861F64C7C523}"
EndProject
Project("{F2A71F9B-5D33-465A-A702-920D77279786}") = "Events", "src\Events\Events.fsproj", "{02D2536D-4AE0-4529-A3F4-D63C7EBC8D58}"
EndProject
Project("{F2A71F9B-5D33-465A-A702-920D77279786}") = "Database", "src\Database\Database.fsproj", "{67B98E79-4611-4BFD-B6F5-381DFF7F1860}"
EndProject
Project("{F2A71F9B-5D33-465A-A702-920D77279786}") = "Configuration", "src\Configuration\Configuration.fsproj", "{35F8A82C-57C1-4892-A3C5-24D53BF99EA8}"
EndProject
Global
	GlobalSection(SolutionConfigurationPlatforms) = preSolution
		Debug|Any CPU = Debug|Any CPU
		Release|Any CPU = Release|Any CPU
	EndGlobalSection
	GlobalSection(SolutionProperties) = preSolution
		HideSolutionNode = FALSE
	EndGlobalSection
	GlobalSection(ProjectConfigurationPlatforms) = postSolution
		{E0F00673-7296-4FC6-A18A-861F64C7C523}.Debug|Any CPU.ActiveCfg = Debug|Any CPU
		{E0F00673-7296-4FC6-A18A-861F64C7C523}.Debug|Any CPU.Build.0 = Debug|Any CPU
		{E0F00673-7296-4FC6-A18A-861F64C7C523}.Release|Any CPU.ActiveCfg = Release|Any CPU
		{E0F00673-7296-4FC6-A18A-861F64C7C523}.Release|Any CPU.Build.0 = Release|Any CPU
		{02D2536D-4AE0-4529-A3F4-D63C7EBC8D58}.Debug|Any CPU.ActiveCfg = Debug|Any CPU
		{02D2536D-4AE0-4529-A3F4-D63C7EBC8D58}.Debug|Any CPU.Build.0 = Debug|Any CPU
		{02D2536D-4AE0-4529-A3F4-D63C7EBC8D58}.Release|Any CPU.ActiveCfg = Release|Any CPU
		{02D2536D-4AE0-4529-A3F4-D63C7EBC8D58}.Release|Any CPU.Build.0 = Release|Any CPU
		{67B98E79-4611-4BFD-B6F5-381DFF7F1860}.Debug|Any CPU.ActiveCfg = Debug|Any CPU
		{67B98E79-4611-4BFD-B6F5-381DFF7F1860}.Debug|Any CPU.Build.0 = Debug|Any CPU
		{67B98E79-4611-4BFD-B6F5-381DFF7F1860}.Release|Any CPU.ActiveCfg = Release|Any CPU
		{67B98E79-4611-4BFD-B6F5-381DFF7F1860}.Release|Any CPU.Build.0 = Release|Any CPU
		{35F8A82C-57C1-4892-A3C5-24D53BF99EA8}.Debug|Any CPU.ActiveCfg = Debug|Any CPU
		{35F8A82C-57C1-4892-A3C5-24D53BF99EA8}.Debug|Any CPU.Build.0 = Debug|Any CPU
		{35F8A82C-57C1-4892-A3C5-24D53BF99EA8}.Release|Any CPU.ActiveCfg = Release|Any CPU
		{35F8A82C-57C1-4892-A3C5-24D53BF99EA8}.Release|Any CPU.Build.0 = Release|Any CPU
	EndGlobalSection
	GlobalSection(NestedProjects) = preSolution
		{E0F00673-7296-4FC6-A18A-861F64C7C523} = {A5E6B626-93E4-4BB2-8D40-894C6414A9B0}
		{02D2536D-4AE0-4529-A3F4-D63C7EBC8D58} = {A5E6B626-93E4-4BB2-8D40-894C6414A9B0}
		{67B98E79-4611-4BFD-B6F5-381DFF7F1860} = {A5E6B626-93E4-4BB2-8D40-894C6414A9B0}
		{35F8A82C-57C1-4892-A3C5-24D53BF99EA8} = {A5E6B626-93E4-4BB2-8D40-894C6414A9B0}
	EndGlobalSection
EndGlobal
